// !$*UTF8*$!
{
	archiveVersion = 1;
	classes = {
	};
	objectVersion = 51;
	objects = {

/* Begin PBXBuildFile section */
		B726581824C2D1BF008EAEC1 /* GoogleService-Info.plist in Resources */ = {isa = PBXBuildFile; fileRef = B726581724C2D1BF008EAEC1 /* GoogleService-Info.plist */; };
		B796116A24C2CD30002FFA69 /* AppDelegate.swift in Sources */ = {isa = PBXBuildFile; fileRef = B796116924C2CD30002FFA69 /* AppDelegate.swift */; };
		B796116C24C2CD30002FFA69 /* SceneDelegate.swift in Sources */ = {isa = PBXBuildFile; fileRef = B796116B24C2CD30002FFA69 /* SceneDelegate.swift */; };
		B796116E24C2CD30002FFA69 /* ViewController.swift in Sources */ = {isa = PBXBuildFile; fileRef = B796116D24C2CD30002FFA69 /* ViewController.swift */; };
		B796117124C2CD30002FFA69 /* Main.storyboard in Resources */ = {isa = PBXBuildFile; fileRef = B796116F24C2CD30002FFA69 /* Main.storyboard */; };
		B796117324C2CD31002FFA69 /* Assets.xcassets in Resources */ = {isa = PBXBuildFile; fileRef = B796117224C2CD31002FFA69 /* Assets.xcassets */; };
		B796117624C2CD31002FFA69 /* LaunchScreen.storyboard in Resources */ = {isa = PBXBuildFile; fileRef = B796117424C2CD31002FFA69 /* LaunchScreen.storyboard */; };
		D06169531887414D31744409 /* Pods_FirestoreExample.framework in Frameworks */ = {isa = PBXBuildFile; fileRef = 8B717D6867E962A7DCE25886 /* Pods_FirestoreExample.framework */; };
/* End PBXBuildFile section */

/* Begin PBXFileReference section */
		8B717D6867E962A7DCE25886 /* Pods_FirestoreExample.framework */ = {isa = PBXFileReference; explicitFileType = wrapper.framework; includeInIndex = 0; path = Pods_FirestoreExample.framework; sourceTree = BUILT_PRODUCTS_DIR; };
		903B6574AA8D4D238C397E5C /* Pods-FirestoreExample.release.xcconfig */ = {isa = PBXFileReference; includeInIndex = 1; lastKnownFileType = text.xcconfig; name = "Pods-FirestoreExample.release.xcconfig"; path = "Target Support Files/Pods-FirestoreExample/Pods-FirestoreExample.release.xcconfig"; sourceTree = "<group>"; };
		AF38AA26AA7184976C2E9CA9 /* Pods-FirestoreExample.debug.xcconfig */ = {isa = PBXFileReference; includeInIndex = 1; lastKnownFileType = text.xcconfig; name = "Pods-FirestoreExample.debug.xcconfig"; path = "Target Support Files/Pods-FirestoreExample/Pods-FirestoreExample.debug.xcconfig"; sourceTree = "<group>"; };
		B726581724C2D1BF008EAEC1 /* GoogleService-Info.plist */ = {isa = PBXFileReference; fileEncoding = 4; lastKnownFileType = text.plist.xml; path = "GoogleService-Info.plist"; sourceTree = "<group>"; };
		B796116624C2CD30002FFA69 /* FirestoreExample.app */ = {isa = PBXFileReference; explicitFileType = wrapper.application; includeInIndex = 0; path = FirestoreExample.app; sourceTree = BUILT_PRODUCTS_DIR; };
		B796116924C2CD30002FFA69 /* AppDelegate.swift */ = {isa = PBXFileReference; lastKnownFileType = sourcecode.swift; path = AppDelegate.swift; sourceTree = "<group>"; };
		B796116B24C2CD30002FFA69 /* SceneDelegate.swift */ = {isa = PBXFileReference; lastKnownFileType = sourcecode.swift; path = SceneDelegate.swift; sourceTree = "<group>"; };
		B796116D24C2CD30002FFA69 /* ViewController.swift */ = {isa = PBXFileReference; lastKnownFileType = sourcecode.swift; path = ViewController.swift; sourceTree = "<group>"; };
		B796117024C2CD30002FFA69 /* Base */ = {isa = PBXFileReference; lastKnownFileType = file.storyboard; name = Base; path = Base.lproj/Main.storyboard; sourceTree = "<group>"; };
		B796117224C2CD31002FFA69 /* Assets.xcassets */ = {isa = PBXFileReference; lastKnownFileType = folder.assetcatalog; path = Assets.xcassets; sourceTree = "<group>"; };
		B796117524C2CD31002FFA69 /* Base */ = {isa = PBXFileReference; lastKnownFileType = file.storyboard; name = Base; path = Base.lproj/LaunchScreen.storyboard; sourceTree = "<group>"; };
		B796117724C2CD31002FFA69 /* Info.plist */ = {isa = PBXFileReference; lastKnownFileType = text.plist.xml; path = Info.plist; sourceTree = "<group>"; };
/* End PBXFileReference section */

/* Begin PBXFrameworksBuildPhase section */
		B796116324C2CD30002FFA69 /* Frameworks */ = {
			isa = PBXFrameworksBuildPhase;
			buildActionMask = 2147483647;
			files = (
				D06169531887414D31744409 /* Pods_FirestoreExample.framework in Frameworks */,
			);
			runOnlyForDeploymentPostprocessing = 0;
		};
/* End PBXFrameworksBuildPhase section */

/* Begin PBXGroup section */
		727497E9A0A8EE61C0990D64 /* Frameworks */ = {
			isa = PBXGroup;
			children = (
				8B717D6867E962A7DCE25886 /* Pods_FirestoreExample.framework */,
			);
			name = Frameworks;
			sourceTree = "<group>";
		};
		B0912F1841B51B10642DCF52 /* Pods */ = {
			isa = PBXGroup;
			children = (
				AF38AA26AA7184976C2E9CA9 /* Pods-FirestoreExample.debug.xcconfig */,
				903B6574AA8D4D238C397E5C /* Pods-FirestoreExample.release.xcconfig */,
			);
			path = Pods;
			sourceTree = "<group>";
		};
		B796115D24C2CD30002FFA69 = {
			isa = PBXGroup;
			children = (
				B796116824C2CD30002FFA69 /* FirestoreExample */,
				B796116724C2CD30002FFA69 /* Products */,
				B0912F1841B51B10642DCF52 /* Pods */,
				727497E9A0A8EE61C0990D64 /* Frameworks */,
			);
			sourceTree = "<group>";
		};
		B796116724C2CD30002FFA69 /* Products */ = {
			isa = PBXGroup;
			children = (
				B796116624C2CD30002FFA69 /* FirestoreExample.app */,
			);
			name = Products;
			sourceTree = "<group>";
		};
		B796116824C2CD30002FFA69 /* FirestoreExample */ = {
			isa = PBXGroup;
			children = (
				B726581724C2D1BF008EAEC1 /* GoogleService-Info.plist */,
				B796116924C2CD30002FFA69 /* AppDelegate.swift */,
				B796116B24C2CD30002FFA69 /* SceneDelegate.swift */,
				B796116D24C2CD30002FFA69 /* ViewController.swift */,
				B796116F24C2CD30002FFA69 /* Main.storyboard */,
				B796117224C2CD31002FFA69 /* Assets.xcassets */,
				B796117424C2CD31002FFA69 /* LaunchScreen.storyboard */,
				B796117724C2CD31002FFA69 /* Info.plist */,
			);
			path = FirestoreExample;
			sourceTree = "<group>";
		};
/* End PBXGroup section */

/* Begin PBXNativeTarget section */
		B796116524C2CD30002FFA69 /* FirestoreExample */ = {
			isa = PBXNativeTarget;
			buildConfigurationList = B796117A24C2CD31002FFA69 /* Build configuration list for PBXNativeTarget "FirestoreExample" */;
			buildPhases = (
				D6AFFD5403AC45C6A4FD36FB /* [CP] Check Pods Manifest.lock */,
				B796116224C2CD30002FFA69 /* Sources */,
				B796116324C2CD30002FFA69 /* Frameworks */,
				B796116424C2CD30002FFA69 /* Resources */,
				306FD66D44ADDDD12C9C7791 /* [CP] Embed Pods Frameworks */,
			);
			buildRules = (
			);
			dependencies = (
			);
			name = FirestoreExample;
			productName = FirestoreExample;
			productReference = B796116624C2CD30002FFA69 /* FirestoreExample.app */;
			productType = "com.apple.product-type.application";
		};
/* End PBXNativeTarget section */

/* Begin PBXProject section */
		B796115E24C2CD30002FFA69 /* Project object */ = {
			isa = PBXProject;
			attributes = {
				LastSwiftUpdateCheck = 1150;
				LastUpgradeCheck = 1150;
				ORGANIZATIONNAME = jonghyun;
				TargetAttributes = {
					B796116524C2CD30002FFA69 = {
						CreatedOnToolsVersion = 11.5;
					};
				};
			};
			buildConfigurationList = B796116124C2CD30002FFA69 /* Build configuration list for PBXProject "FirestoreExample" */;
			compatibilityVersion = "Xcode 9.3";
			developmentRegion = en;
			hasScannedForEncodings = 0;
			knownRegions = (
				en,
				Base,
			);
			mainGroup = B796115D24C2CD30002FFA69;
			productRefGroup = B796116724C2CD30002FFA69 /* Products */;
			projectDirPath = "";
			projectRoot = "";
			targets = (
				B796116524C2CD30002FFA69 /* FirestoreExample */,
			);
		};
/* End PBXProject section */

/* Begin PBXResourcesBuildPhase section */
		B796116424C2CD30002FFA69 /* Resources */ = {
			isa = PBXResourcesBuildPhase;
			buildActionMask = 2147483647;
			files = (
				B796117624C2CD31002FFA69 /* LaunchScreen.storyboard in Resources */,
				B726581824C2D1BF008EAEC1 /* GoogleService-Info.plist in Resources */,
				B796117324C2CD31002FFA69 /* Assets.xcassets in Resources */,
				B796117124C2CD30002FFA69 /* Main.storyboard in Resources */,
			);
			runOnlyForDeploymentPostprocessing = 0;
		};
/* End PBXResourcesBuildPhase section */

/* Begin PBXShellScriptBuildPhase section */
		306FD66D44ADDDD12C9C7791 /* [CP] Embed Pods Frameworks */ = {
			isa = PBXShellScriptBuildPhase;
			buildActionMask = 2147483647;
			files = (
			);
			inputFileListPaths = (
				"${PODS_ROOT}/Target Support Files/Pods-FirestoreExample/Pods-FirestoreExample-frameworks-${CONFIGURATION}-input-files.xcfilelist",
			);
			name = "[CP] Embed Pods Frameworks";
			outputFileListPaths = (
				"${PODS_ROOT}/Target Support Files/Pods-FirestoreExample/Pods-FirestoreExample-frameworks-${CONFIGURATION}-output-files.xcfilelist",
			);
			runOnlyForDeploymentPostprocessing = 0;
			shellPath = /bin/sh;
			shellScript = "\"${PODS_ROOT}/Target Support Files/Pods-FirestoreExample/Pods-FirestoreExample-frameworks.sh\"\n";
			showEnvVarsInLog = 0;
		};
		D6AFFD5403AC45C6A4FD36FB /* [CP] Check Pods Manifest.lock */ = {
			isa = PBXShellScriptBuildPhase;
			buildActionMask = 2147483647;
			files = (
			);
			inputFileListPaths = (
			);
			inputPaths = (
				"${PODS_PODFILE_DIR_PATH}/Podfile.lock",
				"${PODS_ROOT}/Manifest.lock",
			);
			name = "[CP] Check Pods Manifest.lock";
			outputFileListPaths = (
			);
			outputPaths = (
				"$(DERIVED_FILE_DIR)/Pods-FirestoreExample-checkManifestLockResult.txt",
			);
			runOnlyForDeploymentPostprocessing = 0;
			shellPath = /bin/sh;
			shellScript = "diff \"${PODS_PODFILE_DIR_PATH}/Podfile.lock\" \"${PODS_ROOT}/Manifest.lock\" > /dev/null\nif [ $? != 0 ] ; then\n    # print error to STDERR\n    echo \"error: The sandbox is not in sync with the Podfile.lock. Run 'pod install' or update your CocoaPods installation.\" >&2\n    exit 1\nfi\n# This output is used by Xcode 'outputs' to avoid re-running this script phase.\necho \"SUCCESS\" > \"${SCRIPT_OUTPUT_FILE_0}\"\n";
			showEnvVarsInLog = 0;
		};
/* End PBXShellScriptBuildPhase section */

/* Begin PBXSourcesBuildPhase section */
		B796116224C2CD30002FFA69 /* Sources */ = {
			isa = PBXSourcesBuildPhase;
			buildActionMask = 2147483647;
			files = (
				B796116E24C2CD30002FFA69 /* ViewController.swift in Sources */,
				B796116A24C2CD30002FFA69 /* AppDelegate.swift in Sources */,
				B796116C24C2CD30002FFA69 /* SceneDelegate.swift in Sources */,
			);
			runOnlyForDeploymentPostprocessing = 0;
		};
/* End PBXSourcesBuildPhase section */

/* Begin PBXVariantGroup section */
		B796116F24C2CD30002FFA69 /* Main.storyboard */ = {
			isa = PBXVariantGroup;
			children = (
				B796117024C2CD30002FFA69 /* Base */,
			);
			name = Main.storyboard;
			sourceTree = "<group>";
		};
		B796117424C2CD31002FFA69 /* LaunchScreen.storyboard */ = {
			isa = PBXVariantGroup;
			children = (
				B796117524C2CD31002FFA69 /* Base */,
			);
			name = LaunchScreen.storyboard;
			sourceTree = "<group>";
		};
/* End PBXVariantGroup section */

/* Begin XCBuildConfiguration section */
		B796117824C2CD31002FFA69 /* Debug */ = {
			isa = XCBuildConfiguration;
			buildSettings = {
				ALWAYS_SEARCH_USER_PATHS = NO;
				CLANG_ANALYZER_NONNULL = YES;
				CLANG_ANALYZER_NUMBER_OBJECT_CONVERSION = YES_AGGRESSIVE;
				CLANG_CXX_LANGUAGE_STANDARD = "gnu++14";
				CLANG_CXX_LIBRARY = "libc++";
				CLANG_ENABLE_MODULES = YES;
				CLANG_ENABLE_OBJC_ARC = YES;
				CLANG_ENABLE_OBJC_WEAK = YES;
				CLANG_WARN_BLOCK_CAPTURE_AUTORELEASING = YES;
				CLANG_WARN_BOOL_CONVERSION = YES;
				CLANG_WARN_COMMA = YES;
				CLANG_WARN_CONSTANT_CONVERSION = YES;
				CLANG_WARN_DEPRECATED_OBJC_IMPLEMENTATIONS = YES;
				CLANG_WARN_DIRECT_OBJC_ISA_USAGE = YES_ERROR;
				CLANG_WARN_DOCUMENTATION_COMMENTS = YES;
				CLANG_WARN_EMPTY_BODY = YES;
				CLANG_WARN_ENUM_CONVERSION = YES;
				CLANG_WARN_INFINITE_RECURSION = YES;
				CLANG_WARN_INT_CONVERSION = YES;
				CLANG_WARN_NON_LITERAL_NULL_CONVERSION = YES;
				CLANG_WARN_OBJC_IMPLICIT_RETAIN_SELF = YES;
				CLANG_WARN_OBJC_LITERAL_CONVERSION = YES;
				CLANG_WARN_OBJC_ROOT_CLASS = YES_ERROR;
				CLANG_WARN_RANGE_LOOP_ANALYSIS = YES;
				CLANG_WARN_STRICT_PROTOTYPES = YES;
				CLANG_WARN_SUSPICIOUS_MOVE = YES;
				CLANG_WARN_UNGUARDED_AVAILABILITY = YES_AGGRESSIVE;
				CLANG_WARN_UNREACHABLE_CODE = YES;
				CLANG_WARN__DUPLICATE_METHOD_MATCH = YES;
				COPY_PHASE_STRIP = NO;
				DEBUG_INFORMATION_FORMAT = dwarf;
				ENABLE_STRICT_OBJC_MSGSEND = YES;
				ENABLE_TESTABILITY = YES;
				GCC_C_LANGUAGE_STANDARD = gnu11;
				GCC_DYNAMIC_NO_PIC = NO;
				GCC_NO_COMMON_BLOCKS = YES;
				GCC_OPTIMIZATION_LEVEL = 0;
				GCC_PREPROCESSOR_DEFINITIONS = (
					"DEBUG=1",
					"$(inherited)",
				);
				GCC_WARN_64_TO_32_BIT_CONVERSION = YES;
				GCC_WARN_ABOUT_RETURN_TYPE = YES_ERROR;
				GCC_WARN_UNDECLARED_SELECTOR = YES;
				GCC_WARN_UNINITIALIZED_AUTOS = YES_AGGRESSIVE;
				GCC_WARN_UNUSED_FUNCTION = YES;
				GCC_WARN_UNUSED_VARIABLE = YES;
				IPHONEOS_DEPLOYMENT_TARGET = 13.5;
				MTL_ENABLE_DEBUG_INFO = INCLUDE_SOURCE;
				MTL_FAST_MATH = YES;
				ONLY_ACTIVE_ARCH = YES;
				SDKROOT = iphoneos;
				SWIFT_ACTIVE_COMPILATION_CONDITIONS = DEBUG;
				SWIFT_OPTIMIZATION_LEVEL = "-Onone";
			};
			name = Debug;
		};
		B796117924C2CD31002FFA69 /* Release */ = {
			isa = XCBuildConfiguration;
			buildSettings = {
				ALWAYS_SEARCH_USER_PATHS = NO;
				CLANG_ANALYZER_NONNULL = YES;
				CLANG_ANALYZER_NUMBER_OBJECT_CONVERSION = YES_AGGRESSIVE;
				CLANG_CXX_LANGUAGE_STANDARD = "gnu++14";
				CLANG_CXX_LIBRARY = "libc++";
				CLANG_ENABLE_MODULES = YES;
				CLANG_ENABLE_OBJC_ARC = YES;
				CLANG_ENABLE_OBJC_WEAK = YES;
				CLANG_WARN_BLOCK_CAPTURE_AUTORELEASING = YES;
				CLANG_WARN_BOOL_CONVERSION = YES;
				CLANG_WARN_COMMA = YES;
				CLANG_WARN_CONSTANT_CONVERSION = YES;
				CLANG_WARN_DEPRECATED_OBJC_IMPLEMENTATIONS = YES;
				CLANG_WARN_DIRECT_OBJC_ISA_USAGE = YES_ERROR;
				CLANG_WARN_DOCUMENTATION_COMMENTS = YES;
				CLANG_WARN_EMPTY_BODY = YES;
				CLANG_WARN_ENUM_CONVERSION = YES;
				CLANG_WARN_INFINITE_RECURSION = YES;
				CLANG_WARN_INT_CONVERSION = YES;
				CLANG_WARN_NON_LITERAL_NULL_CONVERSION = YES;
				CLANG_WARN_OBJC_IMPLICIT_RETAIN_SELF = YES;
				CLANG_WARN_OBJC_LITERAL_CONVERSION = YES;
				CLANG_WARN_OBJC_ROOT_CLASS = YES_ERROR;
				CLANG_WARN_RANGE_LOOP_ANALYSIS = YES;
				CLANG_WARN_STRICT_PROTOTYPES = YES;
				CLANG_WARN_SUSPICIOUS_MOVE = YES;
				CLANG_WARN_UNGUARDED_AVAILABILITY = YES_AGGRESSIVE;
				CLANG_WARN_UNREACHABLE_CODE = YES;
				CLANG_WARN__DUPLICATE_METHOD_MATCH = YES;
				COPY_PHASE_STRIP = NO;
				DEBUG_INFORMATION_FORMAT = "dwarf-with-dsym";
				ENABLE_NS_ASSERTIONS = NO;
				ENABLE_STRICT_OBJC_MSGSEND = YES;
				GCC_C_LANGUAGE_STANDARD = gnu11;
				GCC_NO_COMMON_BLOCKS = YES;
				GCC_WARN_64_TO_32_BIT_CONVERSION = YES;
				GCC_WARN_ABOUT_RETURN_TYPE = YES_ERROR;
				GCC_WARN_UNDECLARED_SELECTOR = YES;
				GCC_WARN_UNINITIALIZED_AUTOS = YES_AGGRESSIVE;
				GCC_WARN_UNUSED_FUNCTION = YES;
				GCC_WARN_UNUSED_VARIABLE = YES;
				IPHONEOS_DEPLOYMENT_TARGET = 13.5;
				MTL_ENABLE_DEBUG_INFO = NO;
				MTL_FAST_MATH = YES;
				SDKROOT = iphoneos;
				SWIFT_COMPILATION_MODE = wholemodule;
				SWIFT_OPTIMIZATION_LEVEL = "-O";
				VALIDATE_PRODUCT = YES;
			};
			name = Release;
		};
		B796117B24C2CD31002FFA69 /* Debug */ = {
			isa = XCBuildConfiguration;
			baseConfigurationReference = AF38AA26AA7184976C2E9CA9 /* Pods-FirestoreExample.debug.xcconfig */;
			buildSettings = {
				ASSETCATALOG_COMPILER_APPICON_NAME = AppIcon;
				CODE_SIGN_STYLE = Automatic;
				DEVELOPMENT_TEAM = Q5348W6WW6;
				INFOPLIST_FILE = FirestoreExample/Info.plist;
				LD_RUNPATH_SEARCH_PATHS = (
					"$(inherited)",
					"@executable_path/Frameworks",
				);
				PRODUCT_BUNDLE_IDENTIFIER = test.FirestoreExample;
				PRODUCT_NAME = "$(TARGET_NAME)";
				SWIFT_VERSION = 5.0;
				TARGETED_DEVICE_FAMILY = "1,2";
			};
			name = Debug;
		};
		B796117C24C2CD31002FFA69 /* Release */ = {
			isa = XCBuildConfiguration;
			baseConfigurationReference = 903B6574AA8D4D238C397E5C /* Pods-FirestoreExample.release.xcconfig */;
			buildSettings = {
				ASSETCATALOG_COMPILER_APPICON_NAME = AppIcon;
				CODE_SIGN_STYLE = Automatic;
				DEVELOPMENT_TEAM = Q5348W6WW6;
				INFOPLIST_FILE = FirestoreExample/Info.plist;
				LD_RUNPATH_SEARCH_PATHS = (
					"$(inherited)",
					"@executable_path/Frameworks",
				);
				PRODUCT_BUNDLE_IDENTIFIER = test.FirestoreExample;
				PRODUCT_NAME = "$(TARGET_NAME)";
				SWIFT_VERSION = 5.0;
				TARGETED_DEVICE_FAMILY = "1,2";
			};
			name = Release;
		};
/* End XCBuildConfiguration section */

/* Begin XCConfigurationList section */
		B796116124C2CD30002FFA69 /* Build configuration list for PBXProject "FirestoreExample" */ = {
			isa = XCConfigurationList;
			buildConfigurations = (
				B796117824C2CD31002FFA69 /* Debug */,
				B796117924C2CD31002FFA69 /* Release */,
			);
			defaultConfigurationIsVisible = 0;
			defaultConfigurationName = Release;
		};
		B796117A24C2CD31002FFA69 /* Build configuration list for PBXNativeTarget "FirestoreExample" */ = {
			isa = XCConfigurationList;
			buildConfigurations = (
				B796117B24C2CD31002FFA69 /* Debug */,
				B796117C24C2CD31002FFA69 /* Release */,
			);
			defaultConfigurationIsVisible = 0;
			defaultConfigurationName = Release;
		};
/* End XCConfigurationList section */
	};
	rootObject = B796115E24C2CD30002FFA69 /* Project object */;
}
